
Microsoft Visual Studio Solution File, Format Version 12.00
# Visual Studio Version 17
VisualStudioVersion = 17.5.33516.290
MinimumVisualStudioVersion = 10.0.40219.1
Project("{FAE04EC0-301F-11D3-BF4B-00C04F79EFBC}") = "Csharp", "Csharp\Csharp.csproj", "{360658DF-4D86-4C92-9FBB-E28617ADEECB}"
EndProject
Global
	GlobalSection(SolutionConfigurationPlatforms) = preSolution
		Debug|Any CPU = Debug|Any CPU
		Release|Any CPU = Release|Any CPU
	EndGlobalSection
	GlobalSection(ProjectConfigurationPlatforms) = postSolution
		{360658DF-4D86-4C92-9FBB-E28617ADEECB}.Debug|Any CPU.ActiveCfg = Debug|Any CPU
		{360658DF-4D86-4C92-9FBB-E28617ADEECB}.Debug|Any CPU.Build.0 = Debug|Any CPU
		{360658DF-4D86-4C92-9FBB-E28617ADEECB}.Release|Any CPU.ActiveCfg = Release|Any CPU
		{360658DF-4D86-4C92-9FBB-E28617ADEECB}.Release|Any CPU.Build.0 = Release|Any CPU
	EndGlobalSection
	GlobalSection(SolutionProperties) = preSolution
		HideSolutionNode = FALSE
	EndGlobalSection
	GlobalSection(ExtensibilityGlobals) = postSolution
		SolutionGuid = {4D755496-AAA5-4164-A999-24AA05EB0D4F}
	EndGlobalSection
EndGlobal
